
Microsoft Visual Studio Solution File, Format Version 12.00
# Visual Studio Version 16
VisualStudioVersion = 16.0.29613.14
MinimumVisualStudioVersion = 10.0.40219.1
Project("{FAE04EC0-301F-11D3-BF4B-00C04F79EFBC}") = "Input_collect.App", "Input_collect.App.csproj", "{203A1F4A-F265-405F-83EC-8A01FB29B6A0}"
EndProject
Global
	GlobalSection(SolutionConfigurationPlatforms) = preSolution
		Debug|Any CPU = Debug|Any CPU
		Release|Any CPU = Release|Any CPU
	EndGlobalSection
	GlobalSection(ProjectConfigurationPlatforms) = postSolution
		{203A1F4A-F265-405F-83EC-8A01FB29B6A0}.Debug|Any CPU.ActiveCfg = Debug|Any CPU
		{203A1F4A-F265-405F-83EC-8A01FB29B6A0}.Debug|Any CPU.Build.0 = Debug|Any CPU
		{203A1F4A-F265-405F-83EC-8A01FB29B6A0}.Release|Any CPU.ActiveCfg = Release|Any CPU
		{203A1F4A-F265-405F-83EC-8A01FB29B6A0}.Release|Any CPU.Build.0 = Release|Any CPU
	EndGlobalSection
	GlobalSection(SolutionProperties) = preSolution
		HideSolutionNode = FALSE
	EndGlobalSection
	GlobalSection(ExtensibilityGlobals) = postSolution
		SolutionGuid = {BF7061CA-A9A7-41EE-85FC-663F72E8E41E}
	EndGlobalSection
EndGlobal
